
Microsoft Visual Studio Solution File, Format Version 12.00
# Visual Studio 15
VisualStudioVersion = 15.0.28307.572
MinimumVisualStudioVersion = 10.0.40219.1
Project("{FAE04EC0-301F-11D3-BF4B-00C04F79EFBC}") = "Base", "Base\Base.csproj", "{A63B0C87-759F-4E67-9ED1-2D92DA619E83}"
EndProject
Project("{9A19103F-16F7-4668-BE54-9A1E7A4F7556}") = "Base.UnitTests", "Base.UnitTests\Base.UnitTests.csproj", "{A29F40BA-3611-47B5-8980-3D6F3B07186F}"
EndProject
Global
	GlobalSection(SolutionConfigurationPlatforms) = preSolution
		Debug|Any CPU = Debug|Any CPU
		Release|Any CPU = Release|Any CPU
	EndGlobalSection
	GlobalSection(ProjectConfigurationPlatforms) = postSolution
		{A63B0C87-759F-4E67-9ED1-2D92DA619E83}.Debug|Any CPU.ActiveCfg = Debug|Any CPU
		{A63B0C87-759F-4E67-9ED1-2D92DA619E83}.Debug|Any CPU.Build.0 = Debug|Any CPU
		{A63B0C87-759F-4E67-9ED1-2D92DA619E83}.Release|Any CPU.ActiveCfg = Release|Any CPU
		{A63B0C87-759F-4E67-9ED1-2D92DA619E83}.Release|Any CPU.Build.0 = Release|Any CPU
		{A29F40BA-3611-47B5-8980-3D6F3B07186F}.Debug|Any CPU.ActiveCfg = Debug|Any CPU
		{A29F40BA-3611-47B5-8980-3D6F3B07186F}.Debug|Any CPU.Build.0 = Debug|Any CPU
		{A29F40BA-3611-47B5-8980-3D6F3B07186F}.Release|Any CPU.ActiveCfg = Release|Any CPU
		{A29F40BA-3611-47B5-8980-3D6F3B07186F}.Release|Any CPU.Build.0 = Release|Any CPU
	EndGlobalSection
	GlobalSection(SolutionProperties) = preSolution
		HideSolutionNode = FALSE
	EndGlobalSection
	GlobalSection(ExtensibilityGlobals) = postSolution
		SolutionGuid = {D991A2C6-9983-4118-B001-C5F0E3991A64}
	EndGlobalSection
EndGlobal
